<?xml version="1.0" encoding="UTF-8" standalone="yes" ?>
<CodeBlocks_project_file>
	<FileVersion major="1" minor="6" />
	<Project>
		<Option title="isbn_test" />
		<Option pch_mode="2" />
		<Option compiler="gcc" />
		<Build>
			<Target title="Debug">
				<Option output="bin/Debug/isbn_test" prefix_auto="1" extension_auto="1" />
				<Option object_output="obj/Debug/" />
				<Option type="1" />
				<Option compiler="gcc" />
				<Compiler>
					<Add option="-g" />
					<Add option="-m64" />
					<Add option="-DUNICODE" />
					<Add option="-D_UNICODE" />
					<Add directory="include" />
					<Add directory="../isbn/include" />
				</Compiler>
				<Linker>
					<Add option="-m64" />
					<Add library="user32" />
					<Add library="../isbn/bin/Debug/libisbn.a" />
				</Linker>
			</Target>
			<Target title="Release">
				<Option output="bin/Release/isbn_test" prefix_auto="1" extension_auto="1" />
				<Option object_output="obj/Release/" />
				<Option type="1" />
				<Option compiler="gcc" />
				<Compiler>
					<Add option="-O2" />
					<Add option="-m64" />
					<Add option="-DUNICODE" />
					<Add option="-D_UNICODE" />
					<Add option="-DNODEBUG" />
					<Add directory="include" />
					<Add directory="../isbn/include" />
				</Compiler>
				<Linker>
					<Add option="-s" />
					<Add option="-m64" />
					<Add library="user32" />
					<Add library="../isbn/bin/Release/libisbn.a" />
				</Linker>
				<ExtraCommands>
					<Add after="cp_dll.bat" />
					<Mode after="always" />
				</ExtraCommands>
			</Target>
		</Build>
		<Compiler>
			<Add option="-Wall" />
		</Compiler>
		<Unit filename="include/isbn_test.h" />
		<Unit filename="src/isbn_test.c">
			<Option compilerVar="CC" />
		</Unit>
		<Extensions>
			<lib_finder disable_auto="1" />
		</Extensions>
	</Project>
</CodeBlocks_project_file>
